// !$*UTF8*$!
{
	archiveVersion = 1;
	classes = {
	};
	objectVersion = 56;
	objects = {

/* Begin PBXBuildFile section */
		02D22A812B73AFE9005898B7 /* AppDelegate.swift in Sources */ = {isa = PBXBuildFile; fileRef = 02D22A802B73AFE9005898B7 /* AppDelegate.swift */; };
		02D22A832B73AFE9005898B7 /* SceneDelegate.swift in Sources */ = {isa = PBXBuildFile; fileRef = 02D22A822B73AFE9005898B7 /* SceneDelegate.swift */; };
		02D22A852B73AFE9005898B7 /* ViewController.swift in Sources */ = {isa = PBXBuildFile; fileRef = 02D22A842B73AFE9005898B7 /* ViewController.swift */; };
		02D22A882B73AFE9005898B7 /* Main.storyboard in Resources */ = {isa = PBXBuildFile; fileRef = 02D22A862B73AFE9005898B7 /* Main.storyboard */; };
		02D22A8A2B73AFEB005898B7 /* Assets.xcassets in Resources */ = {isa = PBXBuildFile; fileRef = 02D22A892B73AFEB005898B7 /* Assets.xcassets */; };
		02D22A8D2B73AFEB005898B7 /* LaunchScreen.storyboard in Resources */ = {isa = PBXBuildFile; fileRef = 02D22A8B2B73AFEB005898B7 /* LaunchScreen.storyboard */; };
		02D22A982B73AFEB005898B7 /* UnitTestPracticeTests.swift in Sources */ = {isa = PBXBuildFile; fileRef = 02D22A972B73AFEB005898B7 /* UnitTestPracticeTests.swift */; };
		02D22AA22B73AFEB005898B7 /* UnitTestPracticeUITests.swift in Sources */ = {isa = PBXBuildFile; fileRef = 02D22AA12B73AFEB005898B7 /* UnitTestPracticeUITests.swift */; };
		02D22AA42B73AFEB005898B7 /* UnitTestPracticeUITestsLaunchTests.swift in Sources */ = {isa = PBXBuildFile; fileRef = 02D22AA32B73AFEB005898B7 /* UnitTestPracticeUITestsLaunchTests.swift */; };
		02D22AB12B73B093005898B7 /* File.swift in Sources */ = {isa = PBXBuildFile; fileRef = 02D22AB02B73B093005898B7 /* File.swift */; };
/* End PBXBuildFile section */

/* Begin PBXContainerItemProxy section */
		02D22A942B73AFEB005898B7 /* PBXContainerItemProxy */ = {
			isa = PBXContainerItemProxy;
			containerPortal = 02D22A752B73AFE9005898B7 /* Project object */;
			proxyType = 1;
			remoteGlobalIDString = 02D22A7C2B73AFE9005898B7;
			remoteInfo = UnitTestPractice;
		};
		02D22A9E2B73AFEB005898B7 /* PBXContainerItemProxy */ = {
			isa = PBXContainerItemProxy;
			containerPortal = 02D22A752B73AFE9005898B7 /* Project object */;
			proxyType = 1;
			remoteGlobalIDString = 02D22A7C2B73AFE9005898B7;
			remoteInfo = UnitTestPractice;
		};
/* End PBXContainerItemProxy section */

/* Begin PBXFileReference section */
		02D22A7D2B73AFE9005898B7 /* UnitTestPractice.app */ = {isa = PBXFileReference; explicitFileType = wrapper.application; includeInIndex = 0; path = UnitTestPractice.app; sourceTree = BUILT_PRODUCTS_DIR; };
		02D22A802B73AFE9005898B7 /* AppDelegate.swift */ = {isa = PBXFileReference; lastKnownFileType = sourcecode.swift; path = AppDelegate.swift; sourceTree = "<group>"; };
		02D22A822B73AFE9005898B7 /* SceneDelegate.swift */ = {isa = PBXFileReference; lastKnownFileType = sourcecode.swift; path = SceneDelegate.swift; sourceTree = "<group>"; };
		02D22A842B73AFE9005898B7 /* ViewController.swift */ = {isa = PBXFileReference; lastKnownFileType = sourcecode.swift; path = ViewController.swift; sourceTree = "<group>"; };
		02D22A872B73AFE9005898B7 /* Base */ = {isa = PBXFileReference; lastKnownFileType = file.storyboard; name = Base; path = Base.lproj/Main.storyboard; sourceTree = "<group>"; };
		02D22A892B73AFEB005898B7 /* Assets.xcassets */ = {isa = PBXFileReference; lastKnownFileType = folder.assetcatalog; path = Assets.xcassets; sourceTree = "<group>"; };
		02D22A8C2B73AFEB005898B7 /* Base */ = {isa = PBXFileReference; lastKnownFileType = file.storyboard; name = Base; path = Base.lproj/LaunchScreen.storyboard; sourceTree = "<group>"; };
		02D22A8E2B73AFEB005898B7 /* Info.plist */ = {isa = PBXFileReference; lastKnownFileType = text.plist.xml; path = Info.plist; sourceTree = "<group>"; };
		02D22A932B73AFEB005898B7 /* UnitTestPracticeTests.xctest */ = {isa = PBXFileReference; explicitFileType = wrapper.cfbundle; includeInIndex = 0; path = UnitTestPracticeTests.xctest; sourceTree = BUILT_PRODUCTS_DIR; };
		02D22A972B73AFEB005898B7 /* UnitTestPracticeTests.swift */ = {isa = PBXFileReference; lastKnownFileType = sourcecode.swift; path = UnitTestPracticeTests.swift; sourceTree = "<group>"; };
		02D22A9D2B73AFEB005898B7 /* UnitTestPracticeUITests.xctest */ = {isa = PBXFileReference; explicitFileType = wrapper.cfbundle; includeInIndex = 0; path = UnitTestPracticeUITests.xctest; sourceTree = BUILT_PRODUCTS_DIR; };
		02D22AA12B73AFEB005898B7 /* UnitTestPracticeUITests.swift */ = {isa = PBXFileReference; lastKnownFileType = sourcecode.swift; path = UnitTestPracticeUITests.swift; sourceTree = "<group>"; };
		02D22AA32B73AFEB005898B7 /* UnitTestPracticeUITestsLaunchTests.swift */ = {isa = PBXFileReference; lastKnownFileType = sourcecode.swift; path = UnitTestPracticeUITestsLaunchTests.swift; sourceTree = "<group>"; };
		02D22AB02B73B093005898B7 /* File.swift */ = {isa = PBXFileReference; lastKnownFileType = sourcecode.swift; path = File.swift; sourceTree = "<group>"; };
/* End PBXFileReference section */

/* Begin PBXFrameworksBuildPhase section */
		02D22A7A2B73AFE9005898B7 /* Frameworks */ = {
			isa = PBXFrameworksBuildPhase;
			buildActionMask = 2147483647;
			files = (
			);
			runOnlyForDeploymentPostprocessing = 0;
		};
		02D22A902B73AFEB005898B7 /* Frameworks */ = {
			isa = PBXFrameworksBuildPhase;
			buildActionMask = 2147483647;
			files = (
			);
			runOnlyForDeploymentPostprocessing = 0;
		};
		02D22A9A2B73AFEB005898B7 /* Frameworks */ = {
			isa = PBXFrameworksBuildPhase;
			buildActionMask = 2147483647;
			files = (
			);
			runOnlyForDeploymentPostprocessing = 0;
		};
/* End PBXFrameworksBuildPhase section */

/* Begin PBXGroup section */
		02D22A742B73AFE9005898B7 = {
			isa = PBXGroup;
			children = (
				02D22A7F2B73AFE9005898B7 /* UnitTestPractice */,
				02D22A962B73AFEB005898B7 /* UnitTestPracticeTests */,
				02D22AA02B73AFEB005898B7 /* UnitTestPracticeUITests */,
				02D22A7E2B73AFE9005898B7 /* Products */,
			);
			sourceTree = "<group>";
		};
		02D22A7E2B73AFE9005898B7 /* Products */ = {
			isa = PBXGroup;
			children = (
				02D22A7D2B73AFE9005898B7 /* UnitTestPractice.app */,
				02D22A932B73AFEB005898B7 /* UnitTestPracticeTests.xctest */,
				02D22A9D2B73AFEB005898B7 /* UnitTestPracticeUITests.xctest */,
			);
			name = Products;
			sourceTree = "<group>";
		};
		02D22A7F2B73AFE9005898B7 /* UnitTestPractice */ = {
			isa = PBXGroup;
			children = (
				02D22A802B73AFE9005898B7 /* AppDelegate.swift */,
				02D22A822B73AFE9005898B7 /* SceneDelegate.swift */,
				02D22A842B73AFE9005898B7 /* ViewController.swift */,
				02D22A862B73AFE9005898B7 /* Main.storyboard */,
				02D22A892B73AFEB005898B7 /* Assets.xcassets */,
				02D22A8B2B73AFEB005898B7 /* LaunchScreen.storyboard */,
				02D22A8E2B73AFEB005898B7 /* Info.plist */,
				02D22AB02B73B093005898B7 /* File.swift */,
			);
			path = UnitTestPractice;
			sourceTree = "<group>";
		};
		02D22A962B73AFEB005898B7 /* UnitTestPracticeTests */ = {
			isa = PBXGroup;
			children = (
				02D22A972B73AFEB005898B7 /* UnitTestPracticeTests.swift */,
			);
			path = UnitTestPracticeTests;
			sourceTree = "<group>";
		};
		02D22AA02B73AFEB005898B7 /* UnitTestPracticeUITests */ = {
			isa = PBXGroup;
			children = (
				02D22AA12B73AFEB005898B7 /* UnitTestPracticeUITests.swift */,
				02D22AA32B73AFEB005898B7 /* UnitTestPracticeUITestsLaunchTests.swift */,
			);
			path = UnitTestPracticeUITests;
			sourceTree = "<group>";
		};
/* End PBXGroup section */

/* Begin PBXNativeTarget section */
		02D22A7C2B73AFE9005898B7 /* UnitTestPractice */ = {
			isa = PBXNativeTarget;
			buildConfigurationList = 02D22AA72B73AFEB005898B7 /* Build configuration list for PBXNativeTarget "UnitTestPractice" */;
			buildPhases = (
				02D22A792B73AFE9005898B7 /* Sources */,
				02D22A7A2B73AFE9005898B7 /* Frameworks */,
				02D22A7B2B73AFE9005898B7 /* Resources */,
			);
			buildRules = (
			);
			dependencies = (
			);
			name = UnitTestPractice;
			productName = UnitTestPractice;
			productReference = 02D22A7D2B73AFE9005898B7 /* UnitTestPractice.app */;
			productType = "com.apple.product-type.application";
		};
		02D22A922B73AFEB005898B7 /* UnitTestPracticeTests */ = {
			isa = PBXNativeTarget;
			buildConfigurationList = 02D22AAA2B73AFEB005898B7 /* Build configuration list for PBXNativeTarget "UnitTestPracticeTests" */;
			buildPhases = (
				02D22A8F2B73AFEB005898B7 /* Sources */,
				02D22A902B73AFEB005898B7 /* Frameworks */,
				02D22A912B73AFEB005898B7 /* Resources */,
			);
			buildRules = (
			);
			dependencies = (
				02D22A952B73AFEB005898B7 /* PBXTargetDependency */,
			);
			name = UnitTestPracticeTests;
			productName = UnitTestPracticeTests;
			productReference = 02D22A932B73AFEB005898B7 /* UnitTestPracticeTests.xctest */;
			productType = "com.apple.product-type.bundle.unit-test";
		};
		02D22A9C2B73AFEB005898B7 /* UnitTestPracticeUITests */ = {
			isa = PBXNativeTarget;
			buildConfigurationList = 02D22AAD2B73AFEB005898B7 /* Build configuration list for PBXNativeTarget "UnitTestPracticeUITests" */;
			buildPhases = (
				02D22A992B73AFEB005898B7 /* Sources */,
				02D22A9A2B73AFEB005898B7 /* Frameworks */,
				02D22A9B2B73AFEB005898B7 /* Resources */,
			);
			buildRules = (
			);
			dependencies = (
				02D22A9F2B73AFEB005898B7 /* PBXTargetDependency */,
			);
			name = UnitTestPracticeUITests;
			productName = UnitTestPracticeUITests;
			productReference = 02D22A9D2B73AFEB005898B7 /* UnitTestPracticeUITests.xctest */;
			productType = "com.apple.product-type.bundle.ui-testing";
		};
/* End PBXNativeTarget section */

/* Begin PBXProject section */
		02D22A752B73AFE9005898B7 /* Project object */ = {
			isa = PBXProject;
			attributes = {
				BuildIndependentTargetsInParallel = 1;
				LastSwiftUpdateCheck = 1500;
				LastUpgradeCheck = 1500;
				TargetAttributes = {
					02D22A7C2B73AFE9005898B7 = {
						CreatedOnToolsVersion = 15.0.1;
					};
					02D22A922B73AFEB005898B7 = {
						CreatedOnToolsVersion = 15.0.1;
						TestTargetID = 02D22A7C2B73AFE9005898B7;
					};
					02D22A9C2B73AFEB005898B7 = {
						CreatedOnToolsVersion = 15.0.1;
						TestTargetID = 02D22A7C2B73AFE9005898B7;
					};
				};
			};
			buildConfigurationList = 02D22A782B73AFE9005898B7 /* Build configuration list for PBXProject "UnitTestPractice" */;
			compatibilityVersion = "Xcode 14.0";
			developmentRegion = en;
			hasScannedForEncodings = 0;
			knownRegions = (
				en,
				Base,
			);
			mainGroup = 02D22A742B73AFE9005898B7;
			productRefGroup = 02D22A7E2B73AFE9005898B7 /* Products */;
			projectDirPath = "";
			projectRoot = "";
			targets = (
				02D22A7C2B73AFE9005898B7 /* UnitTestPractice */,
				02D22A922B73AFEB005898B7 /* UnitTestPracticeTests */,
				02D22A9C2B73AFEB005898B7 /* UnitTestPracticeUITests */,
			);
		};
/* End PBXProject section */

/* Begin PBXResourcesBuildPhase section */
		02D22A7B2B73AFE9005898B7 /* Resources */ = {
			isa = PBXResourcesBuildPhase;
			buildActionMask = 2147483647;
			files = (
				02D22A8D2B73AFEB005898B7 /* LaunchScreen.storyboard in Resources */,
				02D22A8A2B73AFEB005898B7 /* Assets.xcassets in Resources */,
				02D22A882B73AFE9005898B7 /* Main.storyboard in Resources */,
			);
			runOnlyForDeploymentPostprocessing = 0;
		};
		02D22A912B73AFEB005898B7 /* Resources */ = {
			isa = PBXResourcesBuildPhase;
			buildActionMask = 2147483647;
			files = (
			);
			runOnlyForDeploymentPostprocessing = 0;
		};
		02D22A9B2B73AFEB005898B7 /* Resources */ = {
			isa = PBXResourcesBuildPhase;
			buildActionMask = 2147483647;
			files = (
			);
			runOnlyForDeploymentPostprocessing = 0;
		};
/* End PBXResourcesBuildPhase section */

/* Begin PBXSourcesBuildPhase section */
		02D22A792B73AFE9005898B7 /* Sources */ = {
			isa = PBXSourcesBuildPhase;
			buildActionMask = 2147483647;
			files = (
				02D22A852B73AFE9005898B7 /* ViewController.swift in Sources */,
				02D22AB12B73B093005898B7 /* File.swift in Sources */,
				02D22A812B73AFE9005898B7 /* AppDelegate.swift in Sources */,
				02D22A832B73AFE9005898B7 /* SceneDelegate.swift in Sources */,
			);
			runOnlyForDeploymentPostprocessing = 0;
		};
		02D22A8F2B73AFEB005898B7 /* Sources */ = {
			isa = PBXSourcesBuildPhase;
			buildActionMask = 2147483647;
			files = (
				02D22A982B73AFEB005898B7 /* UnitTestPracticeTests.swift in Sources */,
			);
			runOnlyForDeploymentPostprocessing = 0;
		};
		02D22A992B73AFEB005898B7 /* Sources */ = {
			isa = PBXSourcesBuildPhase;
			buildActionMask = 2147483647;
			files = (
				02D22AA22B73AFEB005898B7 /* UnitTestPracticeUITests.swift in Sources */,
				02D22AA42B73AFEB005898B7 /* UnitTestPracticeUITestsLaunchTests.swift in Sources */,
			);
			runOnlyForDeploymentPostprocessing = 0;
		};
/* End PBXSourcesBuildPhase section */

/* Begin PBXTargetDependency section */
		02D22A952B73AFEB005898B7 /* PBXTargetDependency */ = {
			isa = PBXTargetDependency;
			target = 02D22A7C2B73AFE9005898B7 /* UnitTestPractice */;
			targetProxy = 02D22A942B73AFEB005898B7 /* PBXContainerItemProxy */;
		};
		02D22A9F2B73AFEB005898B7 /* PBXTargetDependency */ = {
			isa = PBXTargetDependency;
			target = 02D22A7C2B73AFE9005898B7 /* UnitTestPractice */;
			targetProxy = 02D22A9E2B73AFEB005898B7 /* PBXContainerItemProxy */;
		};
/* End PBXTargetDependency section */

/* Begin PBXVariantGroup section */
		02D22A862B73AFE9005898B7 /* Main.storyboard */ = {
			isa = PBXVariantGroup;
			children = (
				02D22A872B73AFE9005898B7 /* Base */,
			);
			name = Main.storyboard;
			sourceTree = "<group>";
		};
		02D22A8B2B73AFEB005898B7 /* LaunchScreen.storyboard */ = {
			isa = PBXVariantGroup;
			children = (
				02D22A8C2B73AFEB005898B7 /* Base */,
			);
			name = LaunchScreen.storyboard;
			sourceTree = "<group>";
		};
/* End PBXVariantGroup section */

/* Begin XCBuildConfiguration section */
		02D22AA52B73AFEB005898B7 /* Debug */ = {
			isa = XCBuildConfiguration;
			buildSettings = {
				ALWAYS_SEARCH_USER_PATHS = NO;
				ASSETCATALOG_COMPILER_GENERATE_SWIFT_ASSET_SYMBOL_EXTENSIONS = YES;
				CLANG_ANALYZER_NONNULL = YES;
				CLANG_ANALYZER_NUMBER_OBJECT_CONVERSION = YES_AGGRESSIVE;
				CLANG_CXX_LANGUAGE_STANDARD = "gnu++20";
				CLANG_ENABLE_MODULES = YES;
				CLANG_ENABLE_OBJC_ARC = YES;
				CLANG_ENABLE_OBJC_WEAK = YES;
				CLANG_WARN_BLOCK_CAPTURE_AUTORELEASING = YES;
				CLANG_WARN_BOOL_CONVERSION = YES;
				CLANG_WARN_COMMA = YES;
				CLANG_WARN_CONSTANT_CONVERSION = YES;
				CLANG_WARN_DEPRECATED_OBJC_IMPLEMENTATIONS = YES;
				CLANG_WARN_DIRECT_OBJC_ISA_USAGE = YES_ERROR;
				CLANG_WARN_DOCUMENTATION_COMMENTS = YES;
				CLANG_WARN_EMPTY_BODY = YES;
				CLANG_WARN_ENUM_CONVERSION = YES;
				CLANG_WARN_INFINITE_RECURSION = YES;
				CLANG_WARN_INT_CONVERSION = YES;
				CLANG_WARN_NON_LITERAL_NULL_CONVERSION = YES;
				CLANG_WARN_OBJC_IMPLICIT_RETAIN_SELF = YES;
				CLANG_WARN_OBJC_LITERAL_CONVERSION = YES;
				CLANG_WARN_OBJC_ROOT_CLASS = YES_ERROR;
				CLANG_WARN_QUOTED_INCLUDE_IN_FRAMEWORK_HEADER = YES;
				CLANG_WARN_RANGE_LOOP_ANALYSIS = YES;
				CLANG_WARN_STRICT_PROTOTYPES = YES;
				CLANG_WARN_SUSPICIOUS_MOVE = YES;
				CLANG_WARN_UNGUARDED_AVAILABILITY = YES_AGGRESSIVE;
				CLANG_WARN_UNREACHABLE_CODE = YES;
				CLANG_WARN__DUPLICATE_METHOD_MATCH = YES;
				COPY_PHASE_STRIP = NO;
				DEBUG_INFORMATION_FORMAT = dwarf;
				ENABLE_STRICT_OBJC_MSGSEND = YES;
				ENABLE_TESTABILITY = YES;
				ENABLE_USER_SCRIPT_SANDBOXING = YES;
				GCC_C_LANGUAGE_STANDARD = gnu17;
				GCC_DYNAMIC_NO_PIC = NO;
				GCC_NO_COMMON_BLOCKS = YES;
				GCC_OPTIMIZATION_LEVEL = 0;
				GCC_PREPROCESSOR_DEFINITIONS = (
					"DEBUG=1",
					"$(inherited)",
				);
				GCC_WARN_64_TO_32_BIT_CONVERSION = YES;
				GCC_WARN_ABOUT_RETURN_TYPE = YES_ERROR;
				GCC_WARN_UNDECLARED_SELECTOR = YES;
				GCC_WARN_UNINITIALIZED_AUTOS = YES_AGGRESSIVE;
				GCC_WARN_UNUSED_FUNCTION = YES;
				GCC_WARN_UNUSED_VARIABLE = YES;
				IPHONEOS_DEPLOYMENT_TARGET = 17.0;
				LOCALIZATION_PREFERS_STRING_CATALOGS = YES;
				MTL_ENABLE_DEBUG_INFO = INCLUDE_SOURCE;
				MTL_FAST_MATH = YES;
				ONLY_ACTIVE_ARCH = YES;
				SDKROOT = iphoneos;
				SWIFT_ACTIVE_COMPILATION_CONDITIONS = "DEBUG $(inherited)";
				SWIFT_OPTIMIZATION_LEVEL = "-Onone";
			};
			name = Debug;
		};
		02D22AA62B73AFEB005898B7 /* Release */ = {
			isa = XCBuildConfiguration;
			buildSettings = {
				ALWAYS_SEARCH_USER_PATHS = NO;
				ASSETCATALOG_COMPILER_GENERATE_SWIFT_ASSET_SYMBOL_EXTENSIONS = YES;
				CLANG_ANALYZER_NONNULL = YES;
				CLANG_ANALYZER_NUMBER_OBJECT_CONVERSION = YES_AGGRESSIVE;
				CLANG_CXX_LANGUAGE_STANDARD = "gnu++20";
				CLANG_ENABLE_MODULES = YES;
				CLANG_ENABLE_OBJC_ARC = YES;
				CLANG_ENABLE_OBJC_WEAK = YES;
				CLANG_WARN_BLOCK_CAPTURE_AUTORELEASING = YES;
				CLANG_WARN_BOOL_CONVERSION = YES;
				CLANG_WARN_COMMA = YES;
				CLANG_WARN_CONSTANT_CONVERSION = YES;
				CLANG_WARN_DEPRECATED_OBJC_IMPLEMENTATIONS = YES;
				CLANG_WARN_DIRECT_OBJC_ISA_USAGE = YES_ERROR;
				CLANG_WARN_DOCUMENTATION_COMMENTS = YES;
				CLANG_WARN_EMPTY_BODY = YES;
				CLANG_WARN_ENUM_CONVERSION = YES;
				CLANG_WARN_INFINITE_RECURSION = YES;
				CLANG_WARN_INT_CONVERSION = YES;
				CLANG_WARN_NON_LITERAL_NULL_CONVERSION = YES;
				CLANG_WARN_OBJC_IMPLICIT_RETAIN_SELF = YES;
				CLANG_WARN_OBJC_LITERAL_CONVERSION = YES;
				CLANG_WARN_OBJC_ROOT_CLASS = YES_ERROR;
				CLANG_WARN_QUOTED_INCLUDE_IN_FRAMEWORK_HEADER = YES;
				CLANG_WARN_RANGE_LOOP_ANALYSIS = YES;
				CLANG_WARN_STRICT_PROTOTYPES = YES;
				CLANG_WARN_SUSPICIOUS_MOVE = YES;
				CLANG_WARN_UNGUARDED_AVAILABILITY = YES_AGGRESSIVE;
				CLANG_WARN_UNREACHABLE_CODE = YES;
				CLANG_WARN__DUPLICATE_METHOD_MATCH = YES;
				COPY_PHASE_STRIP = NO;
				DEBUG_INFORMATION_FORMAT = "dwarf-with-dsym";
				ENABLE_NS_ASSERTIONS = NO;
				ENABLE_STRICT_OBJC_MSGSEND = YES;
				ENABLE_USER_SCRIPT_SANDBOXING = YES;
				GCC_C_LANGUAGE_STANDARD = gnu17;
				GCC_NO_COMMON_BLOCKS = YES;
				GCC_WARN_64_TO_32_BIT_CONVERSION = YES;
				GCC_WARN_ABOUT_RETURN_TYPE = YES_ERROR;
				GCC_WARN_UNDECLARED_SELECTOR = YES;
				GCC_WARN_UNINITIALIZED_AUTOS = YES_AGGRESSIVE;
				GCC_WARN_UNUSED_FUNCTION = YES;
				GCC_WARN_UNUSED_VARIABLE = YES;
				IPHONEOS_DEPLOYMENT_TARGET = 17.0;
				LOCALIZATION_PREFERS_STRING_CATALOGS = YES;
				MTL_ENABLE_DEBUG_INFO = NO;
				MTL_FAST_MATH = YES;
				SDKROOT = iphoneos;
				SWIFT_COMPILATION_MODE = wholemodule;
				VALIDATE_PRODUCT = YES;
			};
			name = Release;
		};
		02D22AA82B73AFEB005898B7 /* Debug */ = {
			isa = XCBuildConfiguration;
			buildSettings = {
				ASSETCATALOG_COMPILER_APPICON_NAME = AppIcon;
				ASSETCATALOG_COMPILER_GLOBAL_ACCENT_COLOR_NAME = AccentColor;
				CODE_SIGN_STYLE = Automatic;
				CURRENT_PROJECT_VERSION = 1;
				DEVELOPMENT_TEAM = S4URMM3RJV;
				GENERATE_INFOPLIST_FILE = YES;
				INFOPLIST_FILE = UnitTestPractice/Info.plist;
				INFOPLIST_KEY_UIApplicationSupportsIndirectInputEvents = YES;
				INFOPLIST_KEY_UILaunchStoryboardName = LaunchScreen;
				INFOPLIST_KEY_UIMainStoryboardFile = Main;
				INFOPLIST_KEY_UISupportedInterfaceOrientations_iPad = "UIInterfaceOrientationPortrait UIInterfaceOrientationPortraitUpsideDown UIInterfaceOrientationLandscapeLeft UIInterfaceOrientationLandscapeRight";
				INFOPLIST_KEY_UISupportedInterfaceOrientations_iPhone = "UIInterfaceOrientationPortrait UIInterfaceOrientationLandscapeLeft UIInterfaceOrientationLandscapeRight";
				LD_RUNPATH_SEARCH_PATHS = (
					"$(inherited)",
					"@executable_path/Frameworks",
				);
				MARKETING_VERSION = 1.0;
				PRODUCT_BUNDLE_IDENTIFIER = com.Logan.Messenger.UnitTestPractice;
				PRODUCT_NAME = "$(TARGET_NAME)";
				SWIFT_EMIT_LOC_STRINGS = YES;
				SWIFT_VERSION = 5.0;
				TARGETED_DEVICE_FAMILY = "1,2";
			};
			name = Debug;
		};
		02D22AA92B73AFEB005898B7 /* Release */ = {
			isa = XCBuildConfiguration;
			buildSettings = {
				ASSETCATALOG_COMPILER_APPICON_NAME = AppIcon;
				ASSETCATALOG_COMPILER_GLOBAL_ACCENT_COLOR_NAME = AccentColor;
				CODE_SIGN_STYLE = Automatic;
				CURRENT_PROJECT_VERSION = 1;
				DEVELOPMENT_TEAM = S4URMM3RJV;
				GENERATE_INFOPLIST_FILE = YES;
				INFOPLIST_FILE = UnitTestPractice/Info.plist;
				INFOPLIST_KEY_UIApplicationSupportsIndirectInputEvents = YES;
				INFOPLIST_KEY_UILaunchStoryboardName = LaunchScreen;
				INFOPLIST_KEY_UIMainStoryboardFile = Main;
				INFOPLIST_KEY_UISupportedInterfaceOrientations_iPad = "UIInterfaceOrientationPortrait UIInterfaceOrientationPortraitUpsideDown UIInterfaceOrientationLandscapeLeft UIInterfaceOrientationLandscapeRight";
				INFOPLIST_KEY_UISupportedInterfaceOrientations_iPhone = "UIInterfaceOrientationPortrait UIInterfaceOrientationLandscapeLeft UIInterfaceOrientationLandscapeRight";
				LD_RUNPATH_SEARCH_PATHS = (
					"$(inherited)",
					"@executable_path/Frameworks",
				);
				MARKETING_VERSION = 1.0;
				PRODUCT_BUNDLE_IDENTIFIER = com.Logan.Messenger.UnitTestPractice;
				PRODUCT_NAME = "$(TARGET_NAME)";
				SWIFT_EMIT_LOC_STRINGS = YES;
				SWIFT_VERSION = 5.0;
				TARGETED_DEVICE_FAMILY = "1,2";
			};
			name = Release;
		};
		02D22AAB2B73AFEB005898B7 /* Debug */ = {
			isa = XCBuildConfiguration;
			buildSettings = {
				ALWAYS_EMBED_SWIFT_STANDARD_LIBRARIES = YES;
				BUNDLE_LOADER = "$(TEST_HOST)";
				CODE_SIGN_STYLE = Automatic;
				CURRENT_PROJECT_VERSION = 1;
				DEVELOPMENT_TEAM = S4URMM3RJV;
				GENERATE_INFOPLIST_FILE = YES;
				IPHONEOS_DEPLOYMENT_TARGET = 17.0;
				MARKETING_VERSION = 1.0;
				PRODUCT_BUNDLE_IDENTIFIER = com.Logan.Messenger.UnitTestPracticeTests;
				PRODUCT_NAME = "$(TARGET_NAME)";
				SWIFT_EMIT_LOC_STRINGS = NO;
				SWIFT_VERSION = 5.0;
				TARGETED_DEVICE_FAMILY = "1,2";
				TEST_HOST = "$(BUILT_PRODUCTS_DIR)/UnitTestPractice.app/$(BUNDLE_EXECUTABLE_FOLDER_PATH)/UnitTestPractice";
			};
			name = Debug;
		};
		02D22AAC2B73AFEB005898B7 /* Release */ = {
			isa = XCBuildConfiguration;
			buildSettings = {
				ALWAYS_EMBED_SWIFT_STANDARD_LIBRARIES = YES;
				BUNDLE_LOADER = "$(TEST_HOST)";
				CODE_SIGN_STYLE = Automatic;
				CURRENT_PROJECT_VERSION = 1;
				DEVELOPMENT_TEAM = S4URMM3RJV;
				GENERATE_INFOPLIST_FILE = YES;
				IPHONEOS_DEPLOYMENT_TARGET = 17.0;
				MARKETING_VERSION = 1.0;
				PRODUCT_BUNDLE_IDENTIFIER = com.Logan.Messenger.UnitTestPracticeTests;
				PRODUCT_NAME = "$(TARGET_NAME)";
				SWIFT_EMIT_LOC_STRINGS = NO;
				SWIFT_VERSION = 5.0;
				TARGETED_DEVICE_FAMILY = "1,2";
				TEST_HOST = "$(BUILT_PRODUCTS_DIR)/UnitTestPractice.app/$(BUNDLE_EXECUTABLE_FOLDER_PATH)/UnitTestPractice";
			};
			name = Release;
		};
		02D22AAE2B73AFEB005898B7 /* Debug */ = {
			isa = XCBuildConfiguration;
			buildSettings = {
				ALWAYS_EMBED_SWIFT_STANDARD_LIBRARIES = YES;
				CODE_SIGN_STYLE = Automatic;
				CURRENT_PROJECT_VERSION = 1;
				DEVELOPMENT_TEAM = S4URMM3RJV;
				GENERATE_INFOPLIST_FILE = YES;
				MARKETING_VERSION = 1.0;
				PRODUCT_BUNDLE_IDENTIFIER = com.Logan.Messenger.UnitTestPracticeUITests;
				PRODUCT_NAME = "$(TARGET_NAME)";
				SWIFT_EMIT_LOC_STRINGS = NO;
				SWIFT_VERSION = 5.0;
				TARGETED_DEVICE_FAMILY = "1,2";
				TEST_TARGET_NAME = UnitTestPractice;
			};
			name = Debug;
		};
		02D22AAF2B73AFEB005898B7 /* Release */ = {
			isa = XCBuildConfiguration;
			buildSettings = {
				ALWAYS_EMBED_SWIFT_STANDARD_LIBRARIES = YES;
				CODE_SIGN_STYLE = Automatic;
				CURRENT_PROJECT_VERSION = 1;
				DEVELOPMENT_TEAM = S4URMM3RJV;
				GENERATE_INFOPLIST_FILE = YES;
				MARKETING_VERSION = 1.0;
				PRODUCT_BUNDLE_IDENTIFIER = com.Logan.Messenger.UnitTestPracticeUITests;
				PRODUCT_NAME = "$(TARGET_NAME)";
				SWIFT_EMIT_LOC_STRINGS = NO;
				SWIFT_VERSION = 5.0;
				TARGETED_DEVICE_FAMILY = "1,2";
				TEST_TARGET_NAME = UnitTestPractice;
			};
			name = Release;
		};
/* End XCBuildConfiguration section */

/* Begin XCConfigurationList section */
		02D22A782B73AFE9005898B7 /* Build configuration list for PBXProject "UnitTestPractice" */ = {
			isa = XCConfigurationList;
			buildConfigurations = (
				02D22AA52B73AFEB005898B7 /* Debug */,
				02D22AA62B73AFEB005898B7 /* Release */,
			);
			defaultConfigurationIsVisible = 0;
			defaultConfigurationName = Release;
		};
		02D22AA72B73AFEB005898B7 /* Build configuration list for PBXNativeTarget "UnitTestPractice" */ = {
			isa = XCConfigurationList;
			buildConfigurations = (
				02D22AA82B73AFEB005898B7 /* Debug */,
				02D22AA92B73AFEB005898B7 /* Release */,
			);
			defaultConfigurationIsVisible = 0;
			defaultConfigurationName = Release;
		};
		02D22AAA2B73AFEB005898B7 /* Build configuration list for PBXNativeTarget "UnitTestPracticeTests" */ = {
			isa = XCConfigurationList;
			buildConfigurations = (
				02D22AAB2B73AFEB005898B7 /* Debug */,
				02D22AAC2B73AFEB005898B7 /* Release */,
			);
			defaultConfigurationIsVisible = 0;
			defaultConfigurationName = Release;
		};
		02D22AAD2B73AFEB005898B7 /* Build configuration list for PBXNativeTarget "UnitTestPracticeUITests" */ = {
			isa = XCConfigurationList;
			buildConfigurations = (
				02D22AAE2B73AFEB005898B7 /* Debug */,
				02D22AAF2B73AFEB005898B7 /* Release */,
			);
			defaultConfigurationIsVisible = 0;
			defaultConfigurationName = Release;
		};
/* End XCConfigurationList section */
	};
	rootObject = 02D22A752B73AFE9005898B7 /* Project object */;
}
